
Microsoft Visual Studio Solution File, Format Version 12.00
# Visual Studio Version 17
VisualStudioVersion = 17.5.002.0
MinimumVisualStudioVersion = 10.0.40219.1
Project("{2150E333-8FDC-42A3-9474-1A3956D46DE8}") = "csharp-prep", "csharp-prep", "{C4D6492D-CFBD-4E3C-B1CC-585B5B76BC33}"
EndProject
Project("{9A19103F-16F7-4668-BE54-9A1E7A4F7556}") = "Prep1", "csharp-prep\Prep1\Prep1.csproj", "{6F12F99D-9C25-4BD4-ABE3-9D67638985A9}"
EndProject
Project("{9A19103F-16F7-4668-BE54-9A1E7A4F7556}") = "Prep2", "csharp-prep\Prep2\Prep2.csproj", "{14574BC1-DD07-436F-91F3-FA22814C9449}"
EndProject
Project("{9A19103F-16F7-4668-BE54-9A1E7A4F7556}") = "Prep3", "csharp-prep\Prep3\Prep3.csproj", "{6CAF7936-8069-49FD-A8B5-C7CAD46B5379}"
EndProject
Project("{9A19103F-16F7-4668-BE54-9A1E7A4F7556}") = "Prep4", "csharp-prep\Prep4\Prep4.csproj", "{3A52A7A6-E00A-4E42-BA8B-F6527FCC003F}"
EndProject
Project("{9A19103F-16F7-4668-BE54-9A1E7A4F7556}") = "Prep5", "csharp-prep\Prep5\Prep5.csproj", "{FEA57C06-19E7-4650-B73F-8096B8348CEC}"
EndProject
Project("{2150E333-8FDC-42A3-9474-1A3956D46DE8}") = "final", "final", "{D3D74820-C15D-4979-9C18-24AD2D03CB86}"
EndProject
Project("{9A19103F-16F7-4668-BE54-9A1E7A4F7556}") = "FinalProject", "final\FinalProject\FinalProject.csproj", "{CA108302-8947-4D4A-85A2-99BD97916C2A}"
EndProject
Project("{9A19103F-16F7-4668-BE54-9A1E7A4F7556}") = "Foundation1", "final\Foundation1\Foundation1.csproj", "{875C601C-B459-4462-8F6A-D35AA9A344BD}"
EndProject
Project("{9A19103F-16F7-4668-BE54-9A1E7A4F7556}") = "Foundation2", "final\Foundation2\Foundation2.csproj", "{4E483FF6-4255-45FF-BF86-C043D02D0501}"
EndProject
Project("{9A19103F-16F7-4668-BE54-9A1E7A4F7556}") = "Foundation3", "final\Foundation3\Foundation3.csproj", "{2C679EA6-E5C5-44D4-A308-465FD4D02453}"
EndProject
Project("{9A19103F-16F7-4668-BE54-9A1E7A4F7556}") = "Foundation4", "final\Foundation4\Foundation4.csproj", "{C22A0E75-7AFD-4CE2-87EE-1B2E447B1267}"
EndProject
Project("{2150E333-8FDC-42A3-9474-1A3956D46DE8}") = "prepare", "prepare", "{A0733F6F-3AE9-4AC0-AAF3-38F7F301F7D8}"
EndProject
Project("{9A19103F-16F7-4668-BE54-9A1E7A4F7556}") = "Learning02", "prepare\Learning02\Learning02.csproj", "{1D90A52D-744F-4880-9D03-FE1AA9E35614}"
EndProject
Project("{9A19103F-16F7-4668-BE54-9A1E7A4F7556}") = "Learning03", "prepare\Learning03\Learning03.csproj", "{D3A0AF04-43E0-407F-93B5-190F762FA2BA}"
EndProject
Project("{9A19103F-16F7-4668-BE54-9A1E7A4F7556}") = "Learning04", "prepare\Learning04\Learning04.csproj", "{F1F43539-FAFA-475A-89DE-B1936D49CE77}"
EndProject
Project("{9A19103F-16F7-4668-BE54-9A1E7A4F7556}") = "Learning05", "prepare\Learning05\Learning05.csproj", "{6CB34E9D-C8E5-4F63-BE7F-EA00363278F1}"
EndProject
Project("{2150E333-8FDC-42A3-9474-1A3956D46DE8}") = "prove", "prove", "{FF2011F6-EA7D-4196-9B9C-E9F6F16FA52B}"
EndProject
Project("{9A19103F-16F7-4668-BE54-9A1E7A4F7556}") = "Develop02", "prove\Develop02\Develop02.csproj", "{5E9E032B-ACE9-44F2-91EC-78946053A560}"
EndProject
Project("{9A19103F-16F7-4668-BE54-9A1E7A4F7556}") = "Develop03", "prove\Develop03\Develop03.csproj", "{10496174-9A50-4578-8023-13194B11970D}"
EndProject
Project("{9A19103F-16F7-4668-BE54-9A1E7A4F7556}") = "Develop04", "prove\Develop04\Develop04.csproj", "{04C4BC72-BCB4-47E4-9033-9A45D018E6B9}"
EndProject
Project("{9A19103F-16F7-4668-BE54-9A1E7A4F7556}") = "Develop05", "prove\Develop05\Develop05.csproj", "{BF289E2A-F2B4-4D4F-BFB3-70AF22341782}"
EndProject
Project("{2150E333-8FDC-42A3-9474-1A3956D46DE8}") = "sandbox", "sandbox", "{AA150430-4B0C-4EE5-BC9E-D9C21B8CDA95}"
EndProject
Project("{9A19103F-16F7-4668-BE54-9A1E7A4F7556}") = "Sandbox", "sandbox\Sandbox\Sandbox.csproj", "{2898957A-AC4C-416F-BDBD-591E3F6C60D1}"
EndProject
Global
	GlobalSection(SolutionConfigurationPlatforms) = preSolution
		Debug|Any CPU = Debug|Any CPU
		Release|Any CPU = Release|Any CPU
	EndGlobalSection
	GlobalSection(ProjectConfigurationPlatforms) = postSolution
		{6F12F99D-9C25-4BD4-ABE3-9D67638985A9}.Debug|Any CPU.ActiveCfg = Debug|Any CPU
		{6F12F99D-9C25-4BD4-ABE3-9D67638985A9}.Debug|Any CPU.Build.0 = Debug|Any CPU
		{6F12F99D-9C25-4BD4-ABE3-9D67638985A9}.Release|Any CPU.ActiveCfg = Release|Any CPU
		{6F12F99D-9C25-4BD4-ABE3-9D67638985A9}.Release|Any CPU.Build.0 = Release|Any CPU
		{14574BC1-DD07-436F-91F3-FA22814C9449}.Debug|Any CPU.ActiveCfg = Debug|Any CPU
		{14574BC1-DD07-436F-91F3-FA22814C9449}.Debug|Any CPU.Build.0 = Debug|Any CPU
		{14574BC1-DD07-436F-91F3-FA22814C9449}.Release|Any CPU.ActiveCfg = Release|Any CPU
		{14574BC1-DD07-436F-91F3-FA22814C9449}.Release|Any CPU.Build.0 = Release|Any CPU
		{6CAF7936-8069-49FD-A8B5-C7CAD46B5379}.Debug|Any CPU.ActiveCfg = Debug|Any CPU
		{6CAF7936-8069-49FD-A8B5-C7CAD46B5379}.Debug|Any CPU.Build.0 = Debug|Any CPU
		{6CAF7936-8069-49FD-A8B5-C7CAD46B5379}.Release|Any CPU.ActiveCfg = Release|Any CPU
		{6CAF7936-8069-49FD-A8B5-C7CAD46B5379}.Release|Any CPU.Build.0 = Release|Any CPU
		{3A52A7A6-E00A-4E42-BA8B-F6527FCC003F}.Debug|Any CPU.ActiveCfg = Debug|Any CPU
		{3A52A7A6-E00A-4E42-BA8B-F6527FCC003F}.Debug|Any CPU.Build.0 = Debug|Any CPU
		{3A52A7A6-E00A-4E42-BA8B-F6527FCC003F}.Release|Any CPU.ActiveCfg = Release|Any CPU
		{3A52A7A6-E00A-4E42-BA8B-F6527FCC003F}.Release|Any CPU.Build.0 = Release|Any CPU
		{FEA57C06-19E7-4650-B73F-8096B8348CEC}.Debug|Any CPU.ActiveCfg = Debug|Any CPU
		{FEA57C06-19E7-4650-B73F-8096B8348CEC}.Debug|Any CPU.Build.0 = Debug|Any CPU
		{FEA57C06-19E7-4650-B73F-8096B8348CEC}.Release|Any CPU.ActiveCfg = Release|Any CPU
		{FEA57C06-19E7-4650-B73F-8096B8348CEC}.Release|Any CPU.Build.0 = Release|Any CPU
		{CA108302-8947-4D4A-85A2-99BD97916C2A}.Debug|Any CPU.ActiveCfg = Debug|Any CPU
		{CA108302-8947-4D4A-85A2-99BD97916C2A}.Debug|Any CPU.Build.0 = Debug|Any CPU
		{CA108302-8947-4D4A-85A2-99BD97916C2A}.Release|Any CPU.ActiveCfg = Release|Any CPU
		{CA108302-8947-4D4A-85A2-99BD97916C2A}.Release|Any CPU.Build.0 = Release|Any CPU
		{875C601C-B459-4462-8F6A-D35AA9A344BD}.Debug|Any CPU.ActiveCfg = Debug|Any CPU
		{875C601C-B459-4462-8F6A-D35AA9A344BD}.Debug|Any CPU.Build.0 = Debug|Any CPU
		{875C601C-B459-4462-8F6A-D35AA9A344BD}.Release|Any CPU.ActiveCfg = Release|Any CPU
		{875C601C-B459-4462-8F6A-D35AA9A344BD}.Release|Any CPU.Build.0 = Release|Any CPU
		{4E483FF6-4255-45FF-BF86-C043D02D0501}.Debug|Any CPU.ActiveCfg = Debug|Any CPU
		{4E483FF6-4255-45FF-BF86-C043D02D0501}.Debug|Any CPU.Build.0 = Debug|Any CPU
		{4E483FF6-4255-45FF-BF86-C043D02D0501}.Release|Any CPU.ActiveCfg = Release|Any CPU
		{4E483FF6-4255-45FF-BF86-C043D02D0501}.Release|Any CPU.Build.0 = Release|Any CPU
		{2C679EA6-E5C5-44D4-A308-465FD4D02453}.Debug|Any CPU.ActiveCfg = Debug|Any CPU
		{2C679EA6-E5C5-44D4-A308-465FD4D02453}.Debug|Any CPU.Build.0 = Debug|Any CPU
		{2C679EA6-E5C5-44D4-A308-465FD4D02453}.Release|Any CPU.ActiveCfg = Release|Any CPU
		{2C679EA6-E5C5-44D4-A308-465FD4D02453}.Release|Any CPU.Build.0 = Release|Any CPU
		{C22A0E75-7AFD-4CE2-87EE-1B2E447B1267}.Debug|Any CPU.ActiveCfg = Debug|Any CPU
		{C22A0E75-7AFD-4CE2-87EE-1B2E447B1267}.Debug|Any CPU.Build.0 = Debug|Any CPU
		{C22A0E75-7AFD-4CE2-87EE-1B2E447B1267}.Release|Any CPU.ActiveCfg = Release|Any CPU
		{C22A0E75-7AFD-4CE2-87EE-1B2E447B1267}.Release|Any CPU.Build.0 = Release|Any CPU
		{1D90A52D-744F-4880-9D03-FE1AA9E35614}.Debug|Any CPU.ActiveCfg = Debug|Any CPU
		{1D90A52D-744F-4880-9D03-FE1AA9E35614}.Debug|Any CPU.Build.0 = Debug|Any CPU
		{1D90A52D-744F-4880-9D03-FE1AA9E35614}.Release|Any CPU.ActiveCfg = Release|Any CPU
		{1D90A52D-744F-4880-9D03-FE1AA9E35614}.Release|Any CPU.Build.0 = Release|Any CPU
		{D3A0AF04-43E0-407F-93B5-190F762FA2BA}.Debug|Any CPU.ActiveCfg = Debug|Any CPU
		{D3A0AF04-43E0-407F-93B5-190F762FA2BA}.Debug|Any CPU.Build.0 = Debug|Any CPU
		{D3A0AF04-43E0-407F-93B5-190F762FA2BA}.Release|Any CPU.ActiveCfg = Release|Any CPU
		{D3A0AF04-43E0-407F-93B5-190F762FA2BA}.Release|Any CPU.Build.0 = Release|Any CPU
		{F1F43539-FAFA-475A-89DE-B1936D49CE77}.Debug|Any CPU.ActiveCfg = Debug|Any CPU
		{F1F43539-FAFA-475A-89DE-B1936D49CE77}.Debug|Any CPU.Build.0 = Debug|Any CPU
		{F1F43539-FAFA-475A-89DE-B1936D49CE77}.Release|Any CPU.ActiveCfg = Release|Any CPU
		{F1F43539-FAFA-475A-89DE-B1936D49CE77}.Release|Any CPU.Build.0 = Release|Any CPU
		{6CB34E9D-C8E5-4F63-BE7F-EA00363278F1}.Debug|Any CPU.ActiveCfg = Debug|Any CPU
		{6CB34E9D-C8E5-4F63-BE7F-EA00363278F1}.Debug|Any CPU.Build.0 = Debug|Any CPU
		{6CB34E9D-C8E5-4F63-BE7F-EA00363278F1}.Release|Any CPU.ActiveCfg = Release|Any CPU
		{6CB34E9D-C8E5-4F63-BE7F-EA00363278F1}.Release|Any CPU.Build.0 = Release|Any CPU
		{5E9E032B-ACE9-44F2-91EC-78946053A560}.Debug|Any CPU.ActiveCfg = Debug|Any CPU
		{5E9E032B-ACE9-44F2-91EC-78946053A560}.Debug|Any CPU.Build.0 = Debug|Any CPU
		{5E9E032B-ACE9-44F2-91EC-78946053A560}.Release|Any CPU.ActiveCfg = Release|Any CPU
		{5E9E032B-ACE9-44F2-91EC-78946053A560}.Release|Any CPU.Build.0 = Release|Any CPU
		{10496174-9A50-4578-8023-13194B11970D}.Debug|Any CPU.ActiveCfg = Debug|Any CPU
		{10496174-9A50-4578-8023-13194B11970D}.Debug|Any CPU.Build.0 = Debug|Any CPU
		{10496174-9A50-4578-8023-13194B11970D}.Release|Any CPU.ActiveCfg = Release|Any CPU
		{10496174-9A50-4578-8023-13194B11970D}.Release|Any CPU.Build.0 = Release|Any CPU
		{04C4BC72-BCB4-47E4-9033-9A45D018E6B9}.Debug|Any CPU.ActiveCfg = Debug|Any CPU
		{04C4BC72-BCB4-47E4-9033-9A45D018E6B9}.Debug|Any CPU.Build.0 = Debug|Any CPU
		{04C4BC72-BCB4-47E4-9033-9A45D018E6B9}.Release|Any CPU.ActiveCfg = Release|Any CPU
		{04C4BC72-BCB4-47E4-9033-9A45D018E6B9}.Release|Any CPU.Build.0 = Release|Any CPU
		{BF289E2A-F2B4-4D4F-BFB3-70AF22341782}.Debug|Any CPU.ActiveCfg = Debug|Any CPU
		{BF289E2A-F2B4-4D4F-BFB3-70AF22341782}.Debug|Any CPU.Build.0 = Debug|Any CPU
		{BF289E2A-F2B4-4D4F-BFB3-70AF22341782}.Release|Any CPU.ActiveCfg = Release|Any CPU
		{BF289E2A-F2B4-4D4F-BFB3-70AF22341782}.Release|Any CPU.Build.0 = Release|Any CPU
		{2898957A-AC4C-416F-BDBD-591E3F6C60D1}.Debug|Any CPU.ActiveCfg = Debug|Any CPU
		{2898957A-AC4C-416F-BDBD-591E3F6C60D1}.Debug|Any CPU.Build.0 = Debug|Any CPU
		{2898957A-AC4C-416F-BDBD-591E3F6C60D1}.Release|Any CPU.ActiveCfg = Release|Any CPU
		{2898957A-AC4C-416F-BDBD-591E3F6C60D1}.Release|Any CPU.Build.0 = Release|Any CPU
	EndGlobalSection
	GlobalSection(SolutionProperties) = preSolution
		HideSolutionNode = FALSE
	EndGlobalSection
	GlobalSection(NestedProjects) = preSolution
		{6F12F99D-9C25-4BD4-ABE3-9D67638985A9} = {C4D6492D-CFBD-4E3C-B1CC-585B5B76BC33}
		{14574BC1-DD07-436F-91F3-FA22814C9449} = {C4D6492D-CFBD-4E3C-B1CC-585B5B76BC33}
		{6CAF7936-8069-49FD-A8B5-C7CAD46B5379} = {C4D6492D-CFBD-4E3C-B1CC-585B5B76BC33}
		{3A52A7A6-E00A-4E42-BA8B-F6527FCC003F} = {C4D6492D-CFBD-4E3C-B1CC-585B5B76BC33}
		{FEA57C06-19E7-4650-B73F-8096B8348CEC} = {C4D6492D-CFBD-4E3C-B1CC-585B5B76BC33}
		{CA108302-8947-4D4A-85A2-99BD97916C2A} = {D3D74820-C15D-4979-9C18-24AD2D03CB86}
		{875C601C-B459-4462-8F6A-D35AA9A344BD} = {D3D74820-C15D-4979-9C18-24AD2D03CB86}
		{4E483FF6-4255-45FF-BF86-C043D02D0501} = {D3D74820-C15D-4979-9C18-24AD2D03CB86}
		{2C679EA6-E5C5-44D4-A308-465FD4D02453} = {D3D74820-C15D-4979-9C18-24AD2D03CB86}
		{C22A0E75-7AFD-4CE2-87EE-1B2E447B1267} = {D3D74820-C15D-4979-9C18-24AD2D03CB86}
		{1D90A52D-744F-4880-9D03-FE1AA9E35614} = {A0733F6F-3AE9-4AC0-AAF3-38F7F301F7D8}
		{D3A0AF04-43E0-407F-93B5-190F762FA2BA} = {A0733F6F-3AE9-4AC0-AAF3-38F7F301F7D8}
		{F1F43539-FAFA-475A-89DE-B1936D49CE77} = {A0733F6F-3AE9-4AC0-AAF3-38F7F301F7D8}
		{6CB34E9D-C8E5-4F63-BE7F-EA00363278F1} = {A0733F6F-3AE9-4AC0-AAF3-38F7F301F7D8}
		{5E9E032B-ACE9-44F2-91EC-78946053A560} = {FF2011F6-EA7D-4196-9B9C-E9F6F16FA52B}
		{10496174-9A50-4578-8023-13194B11970D} = {FF2011F6-EA7D-4196-9B9C-E9F6F16FA52B}
		{04C4BC72-BCB4-47E4-9033-9A45D018E6B9} = {FF2011F6-EA7D-4196-9B9C-E9F6F16FA52B}
		{BF289E2A-F2B4-4D4F-BFB3-70AF22341782} = {FF2011F6-EA7D-4196-9B9C-E9F6F16FA52B}
		{2898957A-AC4C-416F-BDBD-591E3F6C60D1} = {AA150430-4B0C-4EE5-BC9E-D9C21B8CDA95}
	EndGlobalSection
	GlobalSection(ExtensibilityGlobals) = postSolution
		SolutionGuid = {A1118ECB-E105-4093-AFD0-CC6700477F01}
	EndGlobalSection
EndGlobal
